// !$*UTF8*$!
{
	archiveVersion = 1;
	classes = {
	};
	objectVersion = 50;
	objects = {

/* Begin PBXBuildFile section */
		1C7B40E6101E3839AD3AB7F8 /* Double+Readable.swift in Sources */ = {isa = PBXBuildFile; fileRef = 1C7B447A23A84C6F462CE09A /* Double+Readable.swift */; };
		1C7B4299E8A6676BF08D6E3C /* CGRect+Convenience.swift in Sources */ = {isa = PBXBuildFile; fileRef = 1C7B40CBB075D29A2D849F01 /* CGRect+Convenience.swift */; };
		1C7B4342EA8768DA34B7D2E5 /* CGPoint+Conventience.swift in Sources */ = {isa = PBXBuildFile; fileRef = 1C7B4FCA061720450EE2C64D /* CGPoint+Conventience.swift */; };
		1C7B44133593DB2FE501194F /* ChartDTO.swift in Sources */ = {isa = PBXBuildFile; fileRef = 1C7B4B696DAD5D2CAEEE9301 /* ChartDTO.swift */; };
		1C7B4691DC7087D7A8B4F9DE /* DataLine.swift in Sources */ = {isa = PBXBuildFile; fileRef = 1C7B47FCF147B3D38113F331 /* DataLine.swift */; };
		1C7B47A2C9DC3E1EDF684923 /* DataPoint.swift in Sources */ = {isa = PBXBuildFile; fileRef = 1C7B4D2221C3C0295AC667CC /* DataPoint.swift */; };
		1C7B487085FBB30C2F418D61 /* Chart.swift in Sources */ = {isa = PBXBuildFile; fileRef = 1C7B47484B394C7749455180 /* Chart.swift */; };
		1C7B48A9111C164A6A4192EC /* CGSize+Conventience.swift in Sources */ = {isa = PBXBuildFile; fileRef = 1C7B48BFDEA4DF35B404B247 /* CGSize+Conventience.swift */; };
		1C7B490E93E10E9A70F4BAEE /* ChartLayer.swift in Sources */ = {isa = PBXBuildFile; fileRef = 1C7B48E362B4ECDCC2DBF0B1 /* ChartLayer.swift */; };
		1C7B49AAE0C5D8B21F5356D0 /* ChartJSONParser.swift in Sources */ = {isa = PBXBuildFile; fileRef = 1C7B44C1E4096876F06B65C0 /* ChartJSONParser.swift */; };
		1C7B4AE1855F0AE2BCB169A7 /* UIColor+Hex.swift in Sources */ = {isa = PBXBuildFile; fileRef = 1C7B461022C503D871FECBBD /* UIColor+Hex.swift */; };
		1C7B4BB60B2E222C2F9A02AB /* DecodingError.swift in Sources */ = {isa = PBXBuildFile; fileRef = 1C7B49627C833376D46B1993 /* DecodingError.swift */; };
		1C7B4D6A13E87EB552DAF1F7 /* ChartHorizontalLinesDrawer.swift in Sources */ = {isa = PBXBuildFile; fileRef = 1C7B41CD8B31284E7C6DBCFD /* ChartHorizontalLinesDrawer.swift */; };
		1C7B4FA32DD74A16A9DB7658 /* ChartLoader.swift in Sources */ = {isa = PBXBuildFile; fileRef = 1C7B4B1C8F866A19AC8D9894 /* ChartLoader.swift */; };
		A10AB045E7CB48323897387E /* NotImplemented.swift in Sources */ = {isa = PBXBuildFile; fileRef = A10AB424548B37C0370DD7A4 /* NotImplemented.swift */; };
		A10AB112B43E942AD9C5F8A6 /* ChartDateMarksView.swift in Sources */ = {isa = PBXBuildFile; fileRef = A10AB44B975EEEF4F8498123 /* ChartDateMarksView.swift */; };
		A10AB16E7A1221359FB6876A /* PointPopupView.swift in Sources */ = {isa = PBXBuildFile; fileRef = A10ABD65CE47B93A336429C7 /* PointPopupView.swift */; };
		A10AB1B36A1464BCF909FCDF /* MainChartView.swift in Sources */ = {isa = PBXBuildFile; fileRef = A10AB7A3DA44B7191B92D53F /* MainChartView.swift */; };
		A10AB21D7CB28D155B6C0A80 /* ChartSelectViewController.swift in Sources */ = {isa = PBXBuildFile; fileRef = A10AB8A37B8A6868FE1187CB /* ChartSelectViewController.swift */; };
		A10AB44857B06B727C2AC2CB /* UIViewController+ViewProtocol.swift in Sources */ = {isa = PBXBuildFile; fileRef = A10AB77279294F1540091DE5 /* UIViewController+ViewProtocol.swift */; };
		A10AB4AB5AE8052E30FF2A7A /* ChartPointsCalculator.swift in Sources */ = {isa = PBXBuildFile; fileRef = A10AB6CF9CC005000142AC86 /* ChartPointsCalculator.swift */; };
		A10AB4FE4CB0E1DAE30C1452 /* ChartCell.swift in Sources */ = {isa = PBXBuildFile; fileRef = A10AB9FCE487C16EE02F9A1E /* ChartCell.swift */; };
		A10AB701B10D1A13532D58C9 /* UIImage+Static.swift in Sources */ = {isa = PBXBuildFile; fileRef = A10ABCE8B2B65FD6BFECB042 /* UIImage+Static.swift */; };
		A10AB71EFA343405765CE70A /* UIView+HiddenAnimated.swift in Sources */ = {isa = PBXBuildFile; fileRef = A10AB9828F1A6DB3520B286B /* UIView+HiddenAnimated.swift */; };
		A10AB74B1032FED56F0B2A93 /* DataPoint+CGGeometry.swift in Sources */ = {isa = PBXBuildFile; fileRef = A10ABCD2D469E998AD8B8BC1 /* DataPoint+CGGeometry.swift */; };
		A10AB76756F0EF2F76DBDC31 /* ChartViewController.swift in Sources */ = {isa = PBXBuildFile; fileRef = A10AB438441F8CDDD77C92C1 /* ChartViewController.swift */; };
		A10AB800009C9EE3557EC7AB /* ChartSelectWindowView.swift in Sources */ = {isa = PBXBuildFile; fileRef = A10AB8A773FC0D27B2348A50 /* ChartSelectWindowView.swift */; };
		A10AB96E6EB706061DBA5CB4 /* Date+DataPoint.swift in Sources */ = {isa = PBXBuildFile; fileRef = A10ABE509A7690534352C280 /* Date+DataPoint.swift */; };
		A10AB97C9598135C09F825A6 /* chart_data.json in Resources */ = {isa = PBXBuildFile; fileRef = A10AB631D4BF05D312DA568F /* chart_data.json */; };
		A10AB99F19D3BC7133EBFCBA /* ChartDateMarksViewController.swift in Sources */ = {isa = PBXBuildFile; fileRef = A10AB9071D1400914A3E2E65 /* ChartDateMarksViewController.swift */; };
		A10ABA144E0D99C4E747D329 /* ChartListViewController.swift in Sources */ = {isa = PBXBuildFile; fileRef = A10ABE0EA412F9C510331232 /* ChartListViewController.swift */; };
		A10ABA7E441BC460AF11852D /* DataLineSelectViewController.swift in Sources */ = {isa = PBXBuildFile; fileRef = A10AB7B0A442B6186D8BCC29 /* DataLineSelectViewController.swift */; };
		A10ABAE38F13352C3D0C5263 /* DataRect.swift in Sources */ = {isa = PBXBuildFile; fileRef = A10AB5F6C2B767014B0D6261 /* DataRect.swift */; };
		A10ABB7D779FC4DB1ED5E199 /* Stack.swift in Sources */ = {isa = PBXBuildFile; fileRef = A10AB775733179863406A582 /* Stack.swift */; };
		A10ABBB56DC3259896401CC3 /* UIColor+Static.swift in Sources */ = {isa = PBXBuildFile; fileRef = A10ABEEB2396E4C8AFE84021 /* UIColor+Static.swift */; };
		A10ABD5EE0714364DCC7B377 /* CGContext+DebugDrawing.swift in Sources */ = {isa = PBXBuildFile; fileRef = A10AB7A5D0A9C154F586DAF7 /* CGContext+DebugDrawing.swift */; };
		A10ABE07D3C182ABCCF61B44 /* PointPopupViewController.swift in Sources */ = {isa = PBXBuildFile; fileRef = A10ABCD8FBEFB54C650803EB /* PointPopupViewController.swift */; };
		A10ABF33773F3BA35193E9A1 /* LinearFunctionFactory.swift in Sources */ = {isa = PBXBuildFile; fileRef = A10ABFC4686CF4748EF27E0B /* LinearFunctionFactory.swift */; };
		A10ABF34F8D91946FB0BA627 /* ChartViewControllerModel.swift in Sources */ = {isa = PBXBuildFile; fileRef = A10AB5D4BE0D2565E7AB4AE8 /* ChartViewControllerModel.swift */; };
		A10ABFABCB6F5A5D864BED66 /* ChartSelectViewControllerDelegate.swift in Sources */ = {isa = PBXBuildFile; fileRef = A10AB2457F49465C14BE4C13 /* ChartSelectViewControllerDelegate.swift */; };
		A10ABFAC58459FE294CAC746 /* ChartSelectViewDelegate.swift in Sources */ = {isa = PBXBuildFile; fileRef = A10AB789F3458AD523C62D22 /* ChartSelectViewDelegate.swift */; };
		A99656BC228B6EB000D5B9E5 /* ChartSelectView.swift in Sources */ = {isa = PBXBuildFile; fileRef = A99656BB228B6EB000D5B9E5 /* ChartSelectView.swift */; };
		A9D5AC02223ED48B00AF87FB /* AppDelegate.swift in Sources */ = {isa = PBXBuildFile; fileRef = A9D5AC01223ED48B00AF87FB /* AppDelegate.swift */; };
		A9D5AC09223ED48E00AF87FB /* Images.xcassets in Resources */ = {isa = PBXBuildFile; fileRef = A9D5AC08223ED48E00AF87FB /* Images.xcassets */; };
		A9D5AC0C223ED48E00AF87FB /* LaunchScreen.storyboard in Resources */ = {isa = PBXBuildFile; fileRef = A9D5AC0A223ED48E00AF87FB /* LaunchScreen.storyboard */; };
/* End PBXBuildFile section */

/* Begin PBXFileReference section */
		1C7B40CBB075D29A2D849F01 /* CGRect+Convenience.swift */ = {isa = PBXFileReference; fileEncoding = 4; lastKnownFileType = sourcecode.swift; path = "CGRect+Convenience.swift"; sourceTree = "<group>"; };
		1C7B41CD8B31284E7C6DBCFD /* ChartHorizontalLinesDrawer.swift */ = {isa = PBXFileReference; fileEncoding = 4; lastKnownFileType = sourcecode.swift; path = ChartHorizontalLinesDrawer.swift; sourceTree = "<group>"; };
		1C7B447A23A84C6F462CE09A /* Double+Readable.swift */ = {isa = PBXFileReference; fileEncoding = 4; lastKnownFileType = sourcecode.swift; path = "Double+Readable.swift"; sourceTree = "<group>"; };
		1C7B44C1E4096876F06B65C0 /* ChartJSONParser.swift */ = {isa = PBXFileReference; fileEncoding = 4; lastKnownFileType = sourcecode.swift; path = ChartJSONParser.swift; sourceTree = "<group>"; };
		1C7B461022C503D871FECBBD /* UIColor+Hex.swift */ = {isa = PBXFileReference; fileEncoding = 4; lastKnownFileType = sourcecode.swift; path = "UIColor+Hex.swift"; sourceTree = "<group>"; };
		1C7B47484B394C7749455180 /* Chart.swift */ = {isa = PBXFileReference; fileEncoding = 4; lastKnownFileType = sourcecode.swift; path = Chart.swift; sourceTree = "<group>"; };
		1C7B47FCF147B3D38113F331 /* DataLine.swift */ = {isa = PBXFileReference; fileEncoding = 4; lastKnownFileType = sourcecode.swift; path = DataLine.swift; sourceTree = "<group>"; };
		1C7B48BFDEA4DF35B404B247 /* CGSize+Conventience.swift */ = {isa = PBXFileReference; fileEncoding = 4; lastKnownFileType = sourcecode.swift; path = "CGSize+Conventience.swift"; sourceTree = "<group>"; };
		1C7B48E362B4ECDCC2DBF0B1 /* ChartLayer.swift */ = {isa = PBXFileReference; fileEncoding = 4; lastKnownFileType = sourcecode.swift; path = ChartLayer.swift; sourceTree = "<group>"; };
		1C7B49627C833376D46B1993 /* DecodingError.swift */ = {isa = PBXFileReference; fileEncoding = 4; lastKnownFileType = sourcecode.swift; path = DecodingError.swift; sourceTree = "<group>"; };
		1C7B4B1C8F866A19AC8D9894 /* ChartLoader.swift */ = {isa = PBXFileReference; fileEncoding = 4; lastKnownFileType = sourcecode.swift; path = ChartLoader.swift; sourceTree = "<group>"; };
		1C7B4B696DAD5D2CAEEE9301 /* ChartDTO.swift */ = {isa = PBXFileReference; fileEncoding = 4; lastKnownFileType = sourcecode.swift; path = ChartDTO.swift; sourceTree = "<group>"; };
		1C7B4D2221C3C0295AC667CC /* DataPoint.swift */ = {isa = PBXFileReference; fileEncoding = 4; lastKnownFileType = sourcecode.swift; path = DataPoint.swift; sourceTree = "<group>"; };
		1C7B4FCA061720450EE2C64D /* CGPoint+Conventience.swift */ = {isa = PBXFileReference; fileEncoding = 4; lastKnownFileType = sourcecode.swift; path = "CGPoint+Conventience.swift"; sourceTree = "<group>"; };
		A10AB2457F49465C14BE4C13 /* ChartSelectViewControllerDelegate.swift */ = {isa = PBXFileReference; fileEncoding = 4; lastKnownFileType = sourcecode.swift; path = ChartSelectViewControllerDelegate.swift; sourceTree = "<group>"; };
		A10AB424548B37C0370DD7A4 /* NotImplemented.swift */ = {isa = PBXFileReference; fileEncoding = 4; lastKnownFileType = sourcecode.swift; path = NotImplemented.swift; sourceTree = "<group>"; };
		A10AB438441F8CDDD77C92C1 /* ChartViewController.swift */ = {isa = PBXFileReference; fileEncoding = 4; lastKnownFileType = sourcecode.swift; path = ChartViewController.swift; sourceTree = "<group>"; };
		A10AB44B975EEEF4F8498123 /* ChartDateMarksView.swift */ = {isa = PBXFileReference; fileEncoding = 4; lastKnownFileType = sourcecode.swift; path = ChartDateMarksView.swift; sourceTree = "<group>"; };
		A10AB5D4BE0D2565E7AB4AE8 /* ChartViewControllerModel.swift */ = {isa = PBXFileReference; fileEncoding = 4; lastKnownFileType = sourcecode.swift; path = ChartViewControllerModel.swift; sourceTree = "<group>"; };
		A10AB5F6C2B767014B0D6261 /* DataRect.swift */ = {isa = PBXFileReference; fileEncoding = 4; lastKnownFileType = sourcecode.swift; path = DataRect.swift; sourceTree = "<group>"; };
		A10AB631D4BF05D312DA568F /* chart_data.json */ = {isa = PBXFileReference; fileEncoding = 4; lastKnownFileType = text.json; path = chart_data.json; sourceTree = "<group>"; };
		A10AB6CF9CC005000142AC86 /* ChartPointsCalculator.swift */ = {isa = PBXFileReference; fileEncoding = 4; lastKnownFileType = sourcecode.swift; path = ChartPointsCalculator.swift; sourceTree = "<group>"; };
		A10AB77279294F1540091DE5 /* UIViewController+ViewProtocol.swift */ = {isa = PBXFileReference; fileEncoding = 4; lastKnownFileType = sourcecode.swift; path = "UIViewController+ViewProtocol.swift"; sourceTree = "<group>"; };
		A10AB775733179863406A582 /* Stack.swift */ = {isa = PBXFileReference; fileEncoding = 4; lastKnownFileType = sourcecode.swift; path = Stack.swift; sourceTree = "<group>"; };
		A10AB789F3458AD523C62D22 /* ChartSelectViewDelegate.swift */ = {isa = PBXFileReference; fileEncoding = 4; lastKnownFileType = sourcecode.swift; path = ChartSelectViewDelegate.swift; sourceTree = "<group>"; };
		A10AB7A3DA44B7191B92D53F /* MainChartView.swift */ = {isa = PBXFileReference; fileEncoding = 4; lastKnownFileType = sourcecode.swift; path = MainChartView.swift; sourceTree = "<group>"; };
		A10AB7A5D0A9C154F586DAF7 /* CGContext+DebugDrawing.swift */ = {isa = PBXFileReference; fileEncoding = 4; lastKnownFileType = sourcecode.swift; path = "CGContext+DebugDrawing.swift"; sourceTree = "<group>"; };
		A10AB7B0A442B6186D8BCC29 /* DataLineSelectViewController.swift */ = {isa = PBXFileReference; fileEncoding = 4; lastKnownFileType = sourcecode.swift; path = DataLineSelectViewController.swift; sourceTree = "<group>"; };
		A10AB8A37B8A6868FE1187CB /* ChartSelectViewController.swift */ = {isa = PBXFileReference; fileEncoding = 4; lastKnownFileType = sourcecode.swift; path = ChartSelectViewController.swift; sourceTree = "<group>"; };
		A10AB8A773FC0D27B2348A50 /* ChartSelectWindowView.swift */ = {isa = PBXFileReference; fileEncoding = 4; lastKnownFileType = sourcecode.swift; path = ChartSelectWindowView.swift; sourceTree = "<group>"; };
		A10AB9071D1400914A3E2E65 /* ChartDateMarksViewController.swift */ = {isa = PBXFileReference; fileEncoding = 4; lastKnownFileType = sourcecode.swift; path = ChartDateMarksViewController.swift; sourceTree = "<group>"; };
		A10AB9828F1A6DB3520B286B /* UIView+HiddenAnimated.swift */ = {isa = PBXFileReference; fileEncoding = 4; lastKnownFileType = sourcecode.swift; path = "UIView+HiddenAnimated.swift"; sourceTree = "<group>"; };
		A10AB9FCE487C16EE02F9A1E /* ChartCell.swift */ = {isa = PBXFileReference; fileEncoding = 4; lastKnownFileType = sourcecode.swift; path = ChartCell.swift; sourceTree = "<group>"; };
		A10ABCD2D469E998AD8B8BC1 /* DataPoint+CGGeometry.swift */ = {isa = PBXFileReference; fileEncoding = 4; lastKnownFileType = sourcecode.swift; path = "DataPoint+CGGeometry.swift"; sourceTree = "<group>"; };
		A10ABCD8FBEFB54C650803EB /* PointPopupViewController.swift */ = {isa = PBXFileReference; fileEncoding = 4; lastKnownFileType = sourcecode.swift; path = PointPopupViewController.swift; sourceTree = "<group>"; };
		A10ABCE8B2B65FD6BFECB042 /* UIImage+Static.swift */ = {isa = PBXFileReference; fileEncoding = 4; lastKnownFileType = sourcecode.swift; path = "UIImage+Static.swift"; sourceTree = "<group>"; };
		A10ABD65CE47B93A336429C7 /* PointPopupView.swift */ = {isa = PBXFileReference; fileEncoding = 4; lastKnownFileType = sourcecode.swift; path = PointPopupView.swift; sourceTree = "<group>"; };
		A10ABE0EA412F9C510331232 /* ChartListViewController.swift */ = {isa = PBXFileReference; fileEncoding = 4; lastKnownFileType = sourcecode.swift; path = ChartListViewController.swift; sourceTree = "<group>"; };
		A10ABE509A7690534352C280 /* Date+DataPoint.swift */ = {isa = PBXFileReference; fileEncoding = 4; lastKnownFileType = sourcecode.swift; path = "Date+DataPoint.swift"; sourceTree = "<group>"; };
		A10ABEEB2396E4C8AFE84021 /* UIColor+Static.swift */ = {isa = PBXFileReference; fileEncoding = 4; lastKnownFileType = sourcecode.swift; path = "UIColor+Static.swift"; sourceTree = "<group>"; };
		A10ABFC4686CF4748EF27E0B /* LinearFunctionFactory.swift */ = {isa = PBXFileReference; fileEncoding = 4; lastKnownFileType = sourcecode.swift; path = LinearFunctionFactory.swift; sourceTree = "<group>"; };
		A99656BB228B6EB000D5B9E5 /* ChartSelectView.swift */ = {isa = PBXFileReference; fileEncoding = 4; lastKnownFileType = sourcecode.swift; path = ChartSelectView.swift; sourceTree = "<group>"; };
		A9D5ABFE223ED48B00AF87FB /* TelegramLineChart.app */ = {isa = PBXFileReference; explicitFileType = wrapper.application; includeInIndex = 0; path = TelegramLineChart.app; sourceTree = BUILT_PRODUCTS_DIR; };
		A9D5AC01223ED48B00AF87FB /* AppDelegate.swift */ = {isa = PBXFileReference; lastKnownFileType = sourcecode.swift; path = AppDelegate.swift; sourceTree = "<group>"; };
		A9D5AC08223ED48E00AF87FB /* Images.xcassets */ = {isa = PBXFileReference; lastKnownFileType = folder.assetcatalog; path = Images.xcassets; sourceTree = "<group>"; };
		A9D5AC0B223ED48E00AF87FB /* Base */ = {isa = PBXFileReference; lastKnownFileType = file.storyboard; name = Base; path = Base.lproj/LaunchScreen.storyboard; sourceTree = "<group>"; };
		A9D5AC0D223ED48E00AF87FB /* Info.plist */ = {isa = PBXFileReference; lastKnownFileType = text.plist.xml; path = Info.plist; sourceTree = "<group>"; };
/* End PBXFileReference section */

/* Begin PBXFrameworksBuildPhase section */
		A9D5ABFB223ED48B00AF87FB /* Frameworks */ = {
			isa = PBXFrameworksBuildPhase;
			buildActionMask = 2147483647;
			files = (
			);
			runOnlyForDeploymentPostprocessing = 0;
		};
/* End PBXFrameworksBuildPhase section */

/* Begin PBXGroup section */
		1C7B427912B18806AD9C8DC1 /* Extensions */ = {
			isa = PBXGroup;
			children = (
				1C7B461022C503D871FECBBD /* UIColor+Hex.swift */,
				A10AB77279294F1540091DE5 /* UIViewController+ViewProtocol.swift */,
				A10AB9828F1A6DB3520B286B /* UIView+HiddenAnimated.swift */,
			);
			path = Extensions;
			sourceTree = "<group>";
		};
		1C7B434E17D0254CF3789765 /* ChartLayer */ = {
			isa = PBXGroup;
			children = (
				1C7B48E362B4ECDCC2DBF0B1 /* ChartLayer.swift */,
				1C7B41CD8B31284E7C6DBCFD /* ChartHorizontalLinesDrawer.swift */,
				A10AB6CF9CC005000142AC86 /* ChartPointsCalculator.swift */,
			);
			path = ChartLayer;
			sourceTree = "<group>";
		};
		1C7B4709780C448DBAC345DB /* CoreGraphics */ = {
			isa = PBXGroup;
			children = (
				1C7B40CBB075D29A2D849F01 /* CGRect+Convenience.swift */,
				1C7B48BFDEA4DF35B404B247 /* CGSize+Conventience.swift */,
				1C7B4FCA061720450EE2C64D /* CGPoint+Conventience.swift */,
				A10AB7A5D0A9C154F586DAF7 /* CGContext+DebugDrawing.swift */,
			);
			path = CoreGraphics;
			sourceTree = "<group>";
		};
		1C7B4C774CFBCB25E14BEC3E /* DTOs */ = {
			isa = PBXGroup;
			children = (
				1C7B4B696DAD5D2CAEEE9301 /* ChartDTO.swift */,
			);
			path = DTOs;
			sourceTree = "<group>";
		};
		1C7B4DDE576DB433B9789C73 /* Models */ = {
			isa = PBXGroup;
			children = (
				A935164B2249B0F700D6549C /* Extensions */,
				1C7B4C774CFBCB25E14BEC3E /* DTOs */,
				1C7B47484B394C7749455180 /* Chart.swift */,
				1C7B47FCF147B3D38113F331 /* DataLine.swift */,
				1C7B4D2221C3C0295AC667CC /* DataPoint.swift */,
				1C7B44C1E4096876F06B65C0 /* ChartJSONParser.swift */,
				1C7B4B1C8F866A19AC8D9894 /* ChartLoader.swift */,
				1C7B49627C833376D46B1993 /* DecodingError.swift */,
				A10ABFC4686CF4748EF27E0B /* LinearFunctionFactory.swift */,
				A10AB5F6C2B767014B0D6261 /* DataRect.swift */,
				A10AB775733179863406A582 /* Stack.swift */,
			);
			path = Models;
			sourceTree = "<group>";
		};
		A10AB06AEE7023ACF3F0EFDE /* ChartListViewController */ = {
			isa = PBXGroup;
			children = (
				A10ABE0EA412F9C510331232 /* ChartListViewController.swift */,
				A10AB9FCE487C16EE02F9A1E /* ChartCell.swift */,
			);
			path = ChartListViewController;
			sourceTree = "<group>";
		};
		A10AB20819E73CC22ED63DF0 /* ChartViewController */ = {
			isa = PBXGroup;
			children = (
				A10AB7A3DA44B7191B92D53F /* MainChartView.swift */,
				A10AB438441F8CDDD77C92C1 /* ChartViewController.swift */,
				A10AB5D4BE0D2565E7AB4AE8 /* ChartViewControllerModel.swift */,
			);
			path = ChartViewController;
			sourceTree = "<group>";
		};
		A10AB26C8F37CF85F974C6B2 /* ChartDateMarksViewController */ = {
			isa = PBXGroup;
			children = (
				A10AB44B975EEEF4F8498123 /* ChartDateMarksView.swift */,
				A10AB9071D1400914A3E2E65 /* ChartDateMarksViewController.swift */,
			);
			path = ChartDateMarksViewController;
			sourceTree = "<group>";
		};
		A10AB7D7E96BEC4718E0A6F1 /* DataLineSelectViewController */ = {
			isa = PBXGroup;
			children = (
				A10AB7B0A442B6186D8BCC29 /* DataLineSelectViewController.swift */,
			);
			path = DataLineSelectViewController;
			sourceTree = "<group>";
		};
		A10AB84C19A3C868EABF02D3 /* Utility */ = {
			isa = PBXGroup;
			children = (
				A10AB424548B37C0370DD7A4 /* NotImplemented.swift */,
			);
			path = Utility;
			sourceTree = "<group>";
		};
		A10ABA46302B0884E75A2EE0 /* PointPopupViewController */ = {
			isa = PBXGroup;
			children = (
				A10ABCD8FBEFB54C650803EB /* PointPopupViewController.swift */,
				A10ABD65CE47B93A336429C7 /* PointPopupView.swift */,
			);
			path = PointPopupViewController;
			sourceTree = "<group>";
		};
		A935164B2249B0F700D6549C /* Extensions */ = {
			isa = PBXGroup;
			children = (
				1C7B447A23A84C6F462CE09A /* Double+Readable.swift */,
				1C7B4709780C448DBAC345DB /* CoreGraphics */,
				A10ABEEB2396E4C8AFE84021 /* UIColor+Static.swift */,
				A10ABCE8B2B65FD6BFECB042 /* UIImage+Static.swift */,
				A10ABCD2D469E998AD8B8BC1 /* DataPoint+CGGeometry.swift */,
				A10ABE509A7690534352C280 /* Date+DataPoint.swift */,
			);
			path = Extensions;
			sourceTree = "<group>";
		};
		A99656BA228B6EB000D5B9E5 /* LineRangeSelectionViewController */ = {
			isa = PBXGroup;
			children = (
				A99656BB228B6EB000D5B9E5 /* ChartSelectView.swift */,
				A10AB8A773FC0D27B2348A50 /* ChartSelectWindowView.swift */,
				A10AB8A37B8A6868FE1187CB /* ChartSelectViewController.swift */,
				A10AB789F3458AD523C62D22 /* ChartSelectViewDelegate.swift */,
				A10AB2457F49465C14BE4C13 /* ChartSelectViewControllerDelegate.swift */,
			);
			path = LineRangeSelectionViewController;
			sourceTree = "<group>";
		};
		A9D5ABF5223ED48B00AF87FB = {
			isa = PBXGroup;
			children = (
				A9D5AC00223ED48B00AF87FB /* TelegramLineChart */,
				A9D5ABFF223ED48B00AF87FB /* Products */,
			);
			sourceTree = "<group>";
		};
		A9D5ABFF223ED48B00AF87FB /* Products */ = {
			isa = PBXGroup;
			children = (
				A9D5ABFE223ED48B00AF87FB /* TelegramLineChart.app */,
			);
			name = Products;
			sourceTree = "<group>";
		};
		A9D5AC00223ED48B00AF87FB /* TelegramLineChart */ = {
			isa = PBXGroup;
			children = (
				A9D5AC13223ED4B300AF87FB /* Application Delegate */,
				A9D5AC17223ED4E400AF87FB /* Supporting Files */,
				A9D5AC16223ED4DC00AF87FB /* Resources */,
				A9D5AC15223ED4CD00AF87FB /* ViewControllers */,
				1C7B4DDE576DB433B9789C73 /* Models */,
				A10AB84C19A3C868EABF02D3 /* Utility */,
			);
			path = TelegramLineChart;
			sourceTree = "<group>";
		};
		A9D5AC13223ED4B300AF87FB /* Application Delegate */ = {
			isa = PBXGroup;
			children = (
				A9D5AC01223ED48B00AF87FB /* AppDelegate.swift */,
			);
			path = "Application Delegate";
			sourceTree = "<group>";
		};
		A9D5AC15223ED4CD00AF87FB /* ViewControllers */ = {
			isa = PBXGroup;
			children = (
				A99656BA228B6EB000D5B9E5 /* LineRangeSelectionViewController */,
				1C7B427912B18806AD9C8DC1 /* Extensions */,
				1C7B434E17D0254CF3789765 /* ChartLayer */,
				A10ABA46302B0884E75A2EE0 /* PointPopupViewController */,
				A10AB26C8F37CF85F974C6B2 /* ChartDateMarksViewController */,
				A10AB20819E73CC22ED63DF0 /* ChartViewController */,
				A10AB06AEE7023ACF3F0EFDE /* ChartListViewController */,
				A10AB7D7E96BEC4718E0A6F1 /* DataLineSelectViewController */,
			);
			path = ViewControllers;
			sourceTree = "<group>";
		};
		A9D5AC16223ED4DC00AF87FB /* Resources */ = {
			isa = PBXGroup;
			children = (
				A9D5AC0A223ED48E00AF87FB /* LaunchScreen.storyboard */,
				A9D5AC08223ED48E00AF87FB /* Images.xcassets */,
				A10AB631D4BF05D312DA568F /* chart_data.json */,
			);
			path = Resources;
			sourceTree = "<group>";
		};
		A9D5AC17223ED4E400AF87FB /* Supporting Files */ = {
			isa = PBXGroup;
			children = (
				A9D5AC0D223ED48E00AF87FB /* Info.plist */,
			);
			path = "Supporting Files";
			sourceTree = "<group>";
		};
/* End PBXGroup section */

/* Begin PBXNativeTarget section */
		A9D5ABFD223ED48B00AF87FB /* TelegramLineChart */ = {
			isa = PBXNativeTarget;
			buildConfigurationList = A9D5AC10223ED48E00AF87FB /* Build configuration list for PBXNativeTarget "TelegramLineChart" */;
			buildPhases = (
				A9D5ABFA223ED48B00AF87FB /* Sources */,
				A9D5ABFB223ED48B00AF87FB /* Frameworks */,
				A9D5ABFC223ED48B00AF87FB /* Resources */,
			);
			buildRules = (
			);
			dependencies = (
			);
			name = TelegramLineChart;
			productName = TelegramLineChart;
			productReference = A9D5ABFE223ED48B00AF87FB /* TelegramLineChart.app */;
			productType = "com.apple.product-type.application";
		};
/* End PBXNativeTarget section */

/* Begin PBXProject section */
		A9D5ABF6223ED48B00AF87FB /* Project object */ = {
			isa = PBXProject;
			attributes = {
				LastSwiftUpdateCheck = 1010;
				LastUpgradeCheck = 1010;
				ORGANIZATIONNAME = VFD;
				TargetAttributes = {
					A9D5ABFD223ED48B00AF87FB = {
						CreatedOnToolsVersion = 10.1;
					};
				};
			};
			buildConfigurationList = A9D5ABF9223ED48B00AF87FB /* Build configuration list for PBXProject "TelegramLineChart" */;
			compatibilityVersion = "Xcode 9.3";
			developmentRegion = en;
			hasScannedForEncodings = 0;
			knownRegions = (
				en,
				Base,
			);
			mainGroup = A9D5ABF5223ED48B00AF87FB;
			productRefGroup = A9D5ABFF223ED48B00AF87FB /* Products */;
			projectDirPath = "";
			projectRoot = "";
			targets = (
				A9D5ABFD223ED48B00AF87FB /* TelegramLineChart */,
			);
		};
/* End PBXProject section */

/* Begin PBXResourcesBuildPhase section */
		A9D5ABFC223ED48B00AF87FB /* Resources */ = {
			isa = PBXResourcesBuildPhase;
			buildActionMask = 2147483647;
			files = (
				A9D5AC0C223ED48E00AF87FB /* LaunchScreen.storyboard in Resources */,
				A9D5AC09223ED48E00AF87FB /* Images.xcassets in Resources */,
				A10AB97C9598135C09F825A6 /* chart_data.json in Resources */,
			);
			runOnlyForDeploymentPostprocessing = 0;
		};
/* End PBXResourcesBuildPhase section */

/* Begin PBXSourcesBuildPhase section */
		A9D5ABFA223ED48B00AF87FB /* Sources */ = {
			isa = PBXSourcesBuildPhase;
			buildActionMask = 2147483647;
			files = (
				A9D5AC02223ED48B00AF87FB /* AppDelegate.swift in Sources */,
				A99656BC228B6EB000D5B9E5 /* ChartSelectView.swift in Sources */,
				1C7B487085FBB30C2F418D61 /* Chart.swift in Sources */,
				1C7B4691DC7087D7A8B4F9DE /* DataLine.swift in Sources */,
				1C7B47A2C9DC3E1EDF684923 /* DataPoint.swift in Sources */,
				1C7B49AAE0C5D8B21F5356D0 /* ChartJSONParser.swift in Sources */,
				1C7B44133593DB2FE501194F /* ChartDTO.swift in Sources */,
				1C7B4FA32DD74A16A9DB7658 /* ChartLoader.swift in Sources */,
				1C7B4BB60B2E222C2F9A02AB /* DecodingError.swift in Sources */,
				1C7B4AE1855F0AE2BCB169A7 /* UIColor+Hex.swift in Sources */,
				1C7B40E6101E3839AD3AB7F8 /* Double+Readable.swift in Sources */,
				1C7B490E93E10E9A70F4BAEE /* ChartLayer.swift in Sources */,
				1C7B4D6A13E87EB552DAF1F7 /* ChartHorizontalLinesDrawer.swift in Sources */,
				1C7B4299E8A6676BF08D6E3C /* CGRect+Convenience.swift in Sources */,
				1C7B48A9111C164A6A4192EC /* CGSize+Conventience.swift in Sources */,
				1C7B4342EA8768DA34B7D2E5 /* CGPoint+Conventience.swift in Sources */,
				A10AB045E7CB48323897387E /* NotImplemented.swift in Sources */,
				A10AB800009C9EE3557EC7AB /* ChartSelectWindowView.swift in Sources */,
				A10ABBB56DC3259896401CC3 /* UIColor+Static.swift in Sources */,
				A10AB701B10D1A13532D58C9 /* UIImage+Static.swift in Sources */,
				A10AB44857B06B727C2AC2CB /* UIViewController+ViewProtocol.swift in Sources */,
				A10AB21D7CB28D155B6C0A80 /* ChartSelectViewController.swift in Sources */,
				A10ABFAC58459FE294CAC746 /* ChartSelectViewDelegate.swift in Sources */,
				A10ABFABCB6F5A5D864BED66 /* ChartSelectViewControllerDelegate.swift in Sources */,
				A10ABF33773F3BA35193E9A1 /* LinearFunctionFactory.swift in Sources */,
				A10AB4AB5AE8052E30FF2A7A /* ChartPointsCalculator.swift in Sources */,
				A10AB74B1032FED56F0B2A93 /* DataPoint+CGGeometry.swift in Sources */,
				A10ABAE38F13352C3D0C5263 /* DataRect.swift in Sources */,
				A10ABD5EE0714364DCC7B377 /* CGContext+DebugDrawing.swift in Sources */,
				A10ABE07D3C182ABCCF61B44 /* PointPopupViewController.swift in Sources */,
				A10AB16E7A1221359FB6876A /* PointPopupView.swift in Sources */,
				A10AB71EFA343405765CE70A /* UIView+HiddenAnimated.swift in Sources */,
				A10AB112B43E942AD9C5F8A6 /* ChartDateMarksView.swift in Sources */,
				A10AB99F19D3BC7133EBFCBA /* ChartDateMarksViewController.swift in Sources */,
				A10AB96E6EB706061DBA5CB4 /* Date+DataPoint.swift in Sources */,
				A10ABB7D779FC4DB1ED5E199 /* Stack.swift in Sources */,
				A10AB1B36A1464BCF909FCDF /* MainChartView.swift in Sources */,
				A10AB76756F0EF2F76DBDC31 /* ChartViewController.swift in Sources */,
				A10ABA144E0D99C4E747D329 /* ChartListViewController.swift in Sources */,
				A10AB4FE4CB0E1DAE30C1452 /* ChartCell.swift in Sources */,
				A10ABF34F8D91946FB0BA627 /* ChartViewControllerModel.swift in Sources */,
				A10ABA7E441BC460AF11852D /* DataLineSelectViewController.swift in Sources */,
			);
			runOnlyForDeploymentPostprocessing = 0;
		};
/* End PBXSourcesBuildPhase section */

/* Begin PBXVariantGroup section */
		A9D5AC0A223ED48E00AF87FB /* LaunchScreen.storyboard */ = {
			isa = PBXVariantGroup;
			children = (
				A9D5AC0B223ED48E00AF87FB /* Base */,
			);
			name = LaunchScreen.storyboard;
			sourceTree = "<group>";
		};
/* End PBXVariantGroup section */

/* Begin XCBuildConfiguration section */
		A9D5AC0E223ED48E00AF87FB /* Debug */ = {
			isa = XCBuildConfiguration;
			buildSettings = {
				ALWAYS_SEARCH_USER_PATHS = NO;
				CLANG_ANALYZER_NONNULL = YES;
				CLANG_ANALYZER_NUMBER_OBJECT_CONVERSION = YES_AGGRESSIVE;
				CLANG_CXX_LANGUAGE_STANDARD = "gnu++14";
				CLANG_CXX_LIBRARY = "libc++";
				CLANG_ENABLE_MODULES = YES;
				CLANG_ENABLE_OBJC_ARC = YES;
				CLANG_ENABLE_OBJC_WEAK = YES;
				CLANG_WARN_BLOCK_CAPTURE_AUTORELEASING = YES;
				CLANG_WARN_BOOL_CONVERSION = YES;
				CLANG_WARN_COMMA = YES;
				CLANG_WARN_CONSTANT_CONVERSION = YES;
				CLANG_WARN_DEPRECATED_OBJC_IMPLEMENTATIONS = YES;
				CLANG_WARN_DIRECT_OBJC_ISA_USAGE = YES_ERROR;
				CLANG_WARN_DOCUMENTATION_COMMENTS = YES;
				CLANG_WARN_EMPTY_BODY = YES;
				CLANG_WARN_ENUM_CONVERSION = YES;
				CLANG_WARN_INFINITE_RECURSION = YES;
				CLANG_WARN_INT_CONVERSION = YES;
				CLANG_WARN_NON_LITERAL_NULL_CONVERSION = YES;
				CLANG_WARN_OBJC_IMPLICIT_RETAIN_SELF = YES;
				CLANG_WARN_OBJC_LITERAL_CONVERSION = YES;
				CLANG_WARN_OBJC_ROOT_CLASS = YES_ERROR;
				CLANG_WARN_RANGE_LOOP_ANALYSIS = YES;
				CLANG_WARN_STRICT_PROTOTYPES = YES;
				CLANG_WARN_SUSPICIOUS_MOVE = YES;
				CLANG_WARN_UNGUARDED_AVAILABILITY = YES_AGGRESSIVE;
				CLANG_WARN_UNREACHABLE_CODE = YES;
				CLANG_WARN__DUPLICATE_METHOD_MATCH = YES;
				CODE_SIGN_IDENTITY = "iPhone Developer";
				COPY_PHASE_STRIP = NO;
				DEBUG_INFORMATION_FORMAT = dwarf;
				ENABLE_STRICT_OBJC_MSGSEND = YES;
				ENABLE_TESTABILITY = YES;
				GCC_C_LANGUAGE_STANDARD = gnu11;
				GCC_DYNAMIC_NO_PIC = NO;
				GCC_NO_COMMON_BLOCKS = YES;
				GCC_OPTIMIZATION_LEVEL = 0;
				GCC_PREPROCESSOR_DEFINITIONS = (
					"DEBUG=1",
					"$(inherited)",
				);
				GCC_WARN_64_TO_32_BIT_CONVERSION = YES;
				GCC_WARN_ABOUT_RETURN_TYPE = YES_ERROR;
				GCC_WARN_UNDECLARED_SELECTOR = YES;
				GCC_WARN_UNINITIALIZED_AUTOS = YES_AGGRESSIVE;
				GCC_WARN_UNUSED_FUNCTION = YES;
				GCC_WARN_UNUSED_VARIABLE = YES;
				IPHONEOS_DEPLOYMENT_TARGET = 12.1;
				MTL_ENABLE_DEBUG_INFO = INCLUDE_SOURCE;
				MTL_FAST_MATH = YES;
				ONLY_ACTIVE_ARCH = YES;
				SDKROOT = iphoneos;
				SWIFT_ACTIVE_COMPILATION_CONDITIONS = DEBUG;
				SWIFT_OPTIMIZATION_LEVEL = "-Onone";
			};
			name = Debug;
		};
		A9D5AC0F223ED48E00AF87FB /* Release */ = {
			isa = XCBuildConfiguration;
			buildSettings = {
				ALWAYS_SEARCH_USER_PATHS = NO;
				CLANG_ANALYZER_NONNULL = YES;
				CLANG_ANALYZER_NUMBER_OBJECT_CONVERSION = YES_AGGRESSIVE;
				CLANG_CXX_LANGUAGE_STANDARD = "gnu++14";
				CLANG_CXX_LIBRARY = "libc++";
				CLANG_ENABLE_MODULES = YES;
				CLANG_ENABLE_OBJC_ARC = YES;
				CLANG_ENABLE_OBJC_WEAK = YES;
				CLANG_WARN_BLOCK_CAPTURE_AUTORELEASING = YES;
				CLANG_WARN_BOOL_CONVERSION = YES;
				CLANG_WARN_COMMA = YES;
				CLANG_WARN_CONSTANT_CONVERSION = YES;
				CLANG_WARN_DEPRECATED_OBJC_IMPLEMENTATIONS = YES;
				CLANG_WARN_DIRECT_OBJC_ISA_USAGE = YES_ERROR;
				CLANG_WARN_DOCUMENTATION_COMMENTS = YES;
				CLANG_WARN_EMPTY_BODY = YES;
				CLANG_WARN_ENUM_CONVERSION = YES;
				CLANG_WARN_INFINITE_RECURSION = YES;
				CLANG_WARN_INT_CONVERSION = YES;
				CLANG_WARN_NON_LITERAL_NULL_CONVERSION = YES;
				CLANG_WARN_OBJC_IMPLICIT_RETAIN_SELF = YES;
				CLANG_WARN_OBJC_LITERAL_CONVERSION = YES;
				CLANG_WARN_OBJC_ROOT_CLASS = YES_ERROR;
				CLANG_WARN_RANGE_LOOP_ANALYSIS = YES;
				CLANG_WARN_STRICT_PROTOTYPES = YES;
				CLANG_WARN_SUSPICIOUS_MOVE = YES;
				CLANG_WARN_UNGUARDED_AVAILABILITY = YES_AGGRESSIVE;
				CLANG_WARN_UNREACHABLE_CODE = YES;
				CLANG_WARN__DUPLICATE_METHOD_MATCH = YES;
				CODE_SIGN_IDENTITY = "iPhone Developer";
				COPY_PHASE_STRIP = NO;
				DEBUG_INFORMATION_FORMAT = "dwarf-with-dsym";
				ENABLE_NS_ASSERTIONS = NO;
				ENABLE_STRICT_OBJC_MSGSEND = YES;
				GCC_C_LANGUAGE_STANDARD = gnu11;
				GCC_NO_COMMON_BLOCKS = YES;
				GCC_WARN_64_TO_32_BIT_CONVERSION = YES;
				GCC_WARN_ABOUT_RETURN_TYPE = YES_ERROR;
				GCC_WARN_UNDECLARED_SELECTOR = YES;
				GCC_WARN_UNINITIALIZED_AUTOS = YES_AGGRESSIVE;
				GCC_WARN_UNUSED_FUNCTION = YES;
				GCC_WARN_UNUSED_VARIABLE = YES;
				IPHONEOS_DEPLOYMENT_TARGET = 12.1;
				MTL_ENABLE_DEBUG_INFO = NO;
				MTL_FAST_MATH = YES;
				SDKROOT = iphoneos;
				SWIFT_COMPILATION_MODE = wholemodule;
				SWIFT_OPTIMIZATION_LEVEL = "-O";
				VALIDATE_PRODUCT = YES;
			};
			name = Release;
		};
		A9D5AC11223ED48E00AF87FB /* Debug */ = {
			isa = XCBuildConfiguration;
			buildSettings = {
				ASSETCATALOG_COMPILER_APPICON_NAME = AppIcon;
				CODE_SIGN_IDENTITY = "iPhone Developer";
				CODE_SIGN_STYLE = Automatic;
				DEVELOPMENT_TEAM = D6V88ZYWK4;
				INFOPLIST_FILE = "$(SRCROOT)/TelegramLineChart/Supporting Files/Info.plist";
				IPHONEOS_DEPLOYMENT_TARGET = 11.0;
				LD_RUNPATH_SEARCH_PATHS = (
					"$(inherited)",
					"@executable_path/Frameworks",
				);
				PRODUCT_BUNDLE_IDENTIFIER = com.vafiadiv.TelegramLineChart;
				PRODUCT_NAME = "$(TARGET_NAME)";
				PROVISIONING_PROFILE_SPECIFIER = "";
				SWIFT_VERSION = 4.2;
				TARGETED_DEVICE_FAMILY = 1;
			};
			name = Debug;
		};
		A9D5AC12223ED48E00AF87FB /* Release */ = {
			isa = XCBuildConfiguration;
			buildSettings = {
				ASSETCATALOG_COMPILER_APPICON_NAME = AppIcon;
				CODE_SIGN_IDENTITY = "iPhone Developer";
				CODE_SIGN_STYLE = Automatic;
				DEVELOPMENT_TEAM = D6V88ZYWK4;
				INFOPLIST_FILE = "$(SRCROOT)/TelegramLineChart/Supporting Files/Info.plist";
				IPHONEOS_DEPLOYMENT_TARGET = 11.0;
				LD_RUNPATH_SEARCH_PATHS = (
					"$(inherited)",
					"@executable_path/Frameworks",
				);
				PRODUCT_BUNDLE_IDENTIFIER = com.vafiadiv.TelegramLineChart;
				PRODUCT_NAME = "$(TARGET_NAME)";
				PROVISIONING_PROFILE_SPECIFIER = "";
				SWIFT_VERSION = 4.2;
				TARGETED_DEVICE_FAMILY = 1;
			};
			name = Release;
		};
/* End XCBuildConfiguration section */

/* Begin XCConfigurationList section */
		A9D5ABF9223ED48B00AF87FB /* Build configuration list for PBXProject "TelegramLineChart" */ = {
			isa = XCConfigurationList;
			buildConfigurations = (
				A9D5AC0E223ED48E00AF87FB /* Debug */,
				A9D5AC0F223ED48E00AF87FB /* Release */,
			);
			defaultConfigurationIsVisible = 0;
			defaultConfigurationName = Release;
		};
		A9D5AC10223ED48E00AF87FB /* Build configuration list for PBXNativeTarget "TelegramLineChart" */ = {
			isa = XCConfigurationList;
			buildConfigurations = (
				A9D5AC11223ED48E00AF87FB /* Debug */,
				A9D5AC12223ED48E00AF87FB /* Release */,
			);
			defaultConfigurationIsVisible = 0;
			defaultConfigurationName = Release;
		};
/* End XCConfigurationList section */
	};
	rootObject = A9D5ABF6223ED48B00AF87FB /* Project object */;
}
