// !$*UTF8*$!
{
	archiveVersion = 1;
	classes = {
	};
	objectVersion = 50;
	objects = {

/* Begin PBXBuildFile section */
		1C7B44133593DB2FE501194F /* ChartDTO.swift in Sources */ = {isa = PBXBuildFile; fileRef = 1C7B4B696DAD5D2CAEEE9301 /* ChartDTO.swift */; };
		1C7B4691DC7087D7A8B4F9DE /* DataLine.swift in Sources */ = {isa = PBXBuildFile; fileRef = 1C7B47FCF147B3D38113F331 /* DataLine.swift */; };
		1C7B47A2C9DC3E1EDF684923 /* DataPoint.swift in Sources */ = {isa = PBXBuildFile; fileRef = 1C7B4D2221C3C0295AC667CC /* DataPoint.swift */; };
		1C7B484CFED8B9CBAFEFDED5 /* ChartView.swift in Sources */ = {isa = PBXBuildFile; fileRef = 1C7B447EF1D310E0E03AC931 /* ChartView.swift */; };
		1C7B487085FBB30C2F418D61 /* Chart.swift in Sources */ = {isa = PBXBuildFile; fileRef = 1C7B47484B394C7749455180 /* Chart.swift */; };
		1C7B49AAE0C5D8B21F5356D0 /* ChartJSONParser.swift in Sources */ = {isa = PBXBuildFile; fileRef = 1C7B44C1E4096876F06B65C0 /* ChartJSONParser.swift */; };
		1C7B4A3063B33E1AD5D2ADB5 /* ChartViewController.swift in Sources */ = {isa = PBXBuildFile; fileRef = 1C7B4CC35F028D1B71FDBE07 /* ChartViewController.swift */; };
		1C7B4BB60B2E222C2F9A02AB /* DecodingError.swift in Sources */ = {isa = PBXBuildFile; fileRef = 1C7B49627C833376D46B1993 /* DecodingError.swift */; };
		1C7B4FA32DD74A16A9DB7658 /* ChartLoader.swift in Sources */ = {isa = PBXBuildFile; fileRef = 1C7B4B1C8F866A19AC8D9894 /* ChartLoader.swift */; };
		A10AB97C9598135C09F825A6 /* chart_data.json in Resources */ = {isa = PBXBuildFile; fileRef = A10AB631D4BF05D312DA568F /* chart_data.json */; };
		A935164D2249B10F00D6549C /* CGRect+Convenience.swift in Sources */ = {isa = PBXBuildFile; fileRef = A935164C2249B10F00D6549C /* CGRect+Convenience.swift */; };
		A9A9A1C0223EDB72005F939A /* ChartLayer.swift in Sources */ = {isa = PBXBuildFile; fileRef = A9A9A1BF223EDB72005F939A /* ChartLayer.swift */; };
		A9D5AC02223ED48B00AF87FB /* AppDelegate.swift in Sources */ = {isa = PBXBuildFile; fileRef = A9D5AC01223ED48B00AF87FB /* AppDelegate.swift */; };
		A9D5AC09223ED48E00AF87FB /* Assets.xcassets in Resources */ = {isa = PBXBuildFile; fileRef = A9D5AC08223ED48E00AF87FB /* Assets.xcassets */; };
		A9D5AC0C223ED48E00AF87FB /* LaunchScreen.storyboard in Resources */ = {isa = PBXBuildFile; fileRef = A9D5AC0A223ED48E00AF87FB /* LaunchScreen.storyboard */; };
/* End PBXBuildFile section */

/* Begin PBXFileReference section */
		1C7B447EF1D310E0E03AC931 /* ChartView.swift */ = {isa = PBXFileReference; fileEncoding = 4; lastKnownFileType = sourcecode.swift; path = ChartView.swift; sourceTree = "<group>"; };
		1C7B44C1E4096876F06B65C0 /* ChartJSONParser.swift */ = {isa = PBXFileReference; fileEncoding = 4; lastKnownFileType = sourcecode.swift; path = ChartJSONParser.swift; sourceTree = "<group>"; };
		1C7B47484B394C7749455180 /* Chart.swift */ = {isa = PBXFileReference; fileEncoding = 4; lastKnownFileType = sourcecode.swift; path = Chart.swift; sourceTree = "<group>"; };
		1C7B47FCF147B3D38113F331 /* DataLine.swift */ = {isa = PBXFileReference; fileEncoding = 4; lastKnownFileType = sourcecode.swift; path = DataLine.swift; sourceTree = "<group>"; };
		1C7B49627C833376D46B1993 /* DecodingError.swift */ = {isa = PBXFileReference; fileEncoding = 4; lastKnownFileType = sourcecode.swift; path = DecodingError.swift; sourceTree = "<group>"; };
		1C7B4B1C8F866A19AC8D9894 /* ChartLoader.swift */ = {isa = PBXFileReference; fileEncoding = 4; lastKnownFileType = sourcecode.swift; path = ChartLoader.swift; sourceTree = "<group>"; };
		1C7B4B696DAD5D2CAEEE9301 /* ChartDTO.swift */ = {isa = PBXFileReference; fileEncoding = 4; lastKnownFileType = sourcecode.swift; path = ChartDTO.swift; sourceTree = "<group>"; };
		1C7B4CC35F028D1B71FDBE07 /* ChartViewController.swift */ = {isa = PBXFileReference; fileEncoding = 4; lastKnownFileType = sourcecode.swift; path = ChartViewController.swift; sourceTree = "<group>"; };
		1C7B4D2221C3C0295AC667CC /* DataPoint.swift */ = {isa = PBXFileReference; fileEncoding = 4; lastKnownFileType = sourcecode.swift; path = DataPoint.swift; sourceTree = "<group>"; };
		A10AB631D4BF05D312DA568F /* chart_data.json */ = {isa = PBXFileReference; fileEncoding = 4; lastKnownFileType = text.json; path = chart_data.json; sourceTree = "<group>"; };
		A935164C2249B10F00D6549C /* CGRect+Convenience.swift */ = {isa = PBXFileReference; lastKnownFileType = sourcecode.swift; path = "CGRect+Convenience.swift"; sourceTree = "<group>"; };
		A9A9A1BF223EDB72005F939A /* ChartLayer.swift */ = {isa = PBXFileReference; lastKnownFileType = sourcecode.swift; path = ChartLayer.swift; sourceTree = "<group>"; };
		A9D5ABFE223ED48B00AF87FB /* TelegramLineChart.app */ = {isa = PBXFileReference; explicitFileType = wrapper.application; includeInIndex = 0; path = TelegramLineChart.app; sourceTree = BUILT_PRODUCTS_DIR; };
		A9D5AC01223ED48B00AF87FB /* AppDelegate.swift */ = {isa = PBXFileReference; lastKnownFileType = sourcecode.swift; path = AppDelegate.swift; sourceTree = "<group>"; };
		A9D5AC08223ED48E00AF87FB /* Assets.xcassets */ = {isa = PBXFileReference; lastKnownFileType = folder.assetcatalog; path = Assets.xcassets; sourceTree = "<group>"; };
		A9D5AC0B223ED48E00AF87FB /* Base */ = {isa = PBXFileReference; lastKnownFileType = file.storyboard; name = Base; path = Base.lproj/LaunchScreen.storyboard; sourceTree = "<group>"; };
		A9D5AC0D223ED48E00AF87FB /* Info.plist */ = {isa = PBXFileReference; lastKnownFileType = text.plist.xml; path = Info.plist; sourceTree = "<group>"; };
/* End PBXFileReference section */

/* Begin PBXFrameworksBuildPhase section */
		A9D5ABFB223ED48B00AF87FB /* Frameworks */ = {
			isa = PBXFrameworksBuildPhase;
			buildActionMask = 2147483647;
			files = (
			);
			runOnlyForDeploymentPostprocessing = 0;
		};
/* End PBXFrameworksBuildPhase section */

/* Begin PBXGroup section */
		1C7B492F2384EC155815BFD4 /* ViewControllers */ = {
			isa = PBXGroup;
			children = (
				1C7B4CC35F028D1B71FDBE07 /* ChartViewController.swift */,
			);
			path = ViewControllers;
			sourceTree = "<group>";
		};
		1C7B4C774CFBCB25E14BEC3E /* DTOs */ = {
			isa = PBXGroup;
			children = (
				1C7B4B696DAD5D2CAEEE9301 /* ChartDTO.swift */,
			);
			path = DTOs;
			sourceTree = "<group>";
		};
		1C7B4CBC277602C2FAEFAD24 /* Core */ = {
			isa = PBXGroup;
			children = (
			);
			path = Core;
			sourceTree = "<group>";
		};
		1C7B4DDE576DB433B9789C73 /* Models */ = {
			isa = PBXGroup;
			children = (
				1C7B47484B394C7749455180 /* Chart.swift */,
				1C7B47FCF147B3D38113F331 /* DataLine.swift */,
				1C7B4D2221C3C0295AC667CC /* DataPoint.swift */,
				1C7B44C1E4096876F06B65C0 /* ChartJSONParser.swift */,
				1C7B4C774CFBCB25E14BEC3E /* DTOs */,
				1C7B4B1C8F866A19AC8D9894 /* ChartLoader.swift */,
				1C7B49627C833376D46B1993 /* DecodingError.swift */,
			);
			path = Models;
			sourceTree = "<group>";
		};
		A10ABAC56C66B51CC8690FAE /* Layers */ = {
			isa = PBXGroup;
			children = (
				A9A9A1BF223EDB72005F939A /* ChartLayer.swift */,
			);
			path = Layers;
			sourceTree = "<group>";
		};
		A935164B2249B0F700D6549C /* Extensions */ = {
			isa = PBXGroup;
			children = (
				A935164C2249B10F00D6549C /* CGRect+Convenience.swift */,
			);
			path = Extensions;
			sourceTree = "<group>";
		};
		A9D5ABF5223ED48B00AF87FB = {
			isa = PBXGroup;
			children = (
				A9D5AC00223ED48B00AF87FB /* TelegramLineChart */,
				A9D5ABFF223ED48B00AF87FB /* Products */,
			);
			sourceTree = "<group>";
		};
		A9D5ABFF223ED48B00AF87FB /* Products */ = {
			isa = PBXGroup;
			children = (
				A9D5ABFE223ED48B00AF87FB /* TelegramLineChart.app */,
			);
			name = Products;
			sourceTree = "<group>";
		};
		A9D5AC00223ED48B00AF87FB /* TelegramLineChart */ = {
			isa = PBXGroup;
			children = (
				A9D5AC13223ED4B300AF87FB /* Application Delegate */,
				A9D5AC17223ED4E400AF87FB /* Supporting Files */,
				A9D5AC16223ED4DC00AF87FB /* Resources */,
				A9D5AC15223ED4CD00AF87FB /* Views */,
				1C7B492F2384EC155815BFD4 /* ViewControllers */,
				1C7B4DDE576DB433B9789C73 /* Models */,
				A935164B2249B0F700D6549C /* Extensions */,
				1C7B4CBC277602C2FAEFAD24 /* Core */,
			);
			path = TelegramLineChart;
			sourceTree = "<group>";
		};
		A9D5AC13223ED4B300AF87FB /* Application Delegate */ = {
			isa = PBXGroup;
			children = (
				A9D5AC01223ED48B00AF87FB /* AppDelegate.swift */,
			);
			path = "Application Delegate";
			sourceTree = "<group>";
		};
		A9D5AC15223ED4CD00AF87FB /* Views */ = {
			isa = PBXGroup;
			children = (
				A10ABAC56C66B51CC8690FAE /* Layers */,
				1C7B447EF1D310E0E03AC931 /* ChartView.swift */,
			);
			path = Views;
			sourceTree = "<group>";
		};
		A9D5AC16223ED4DC00AF87FB /* Resources */ = {
			isa = PBXGroup;
			children = (
				A9D5AC0A223ED48E00AF87FB /* LaunchScreen.storyboard */,
				A9D5AC08223ED48E00AF87FB /* Assets.xcassets */,
				A10AB631D4BF05D312DA568F /* chart_data.json */,
			);
			path = Resources;
			sourceTree = "<group>";
		};
		A9D5AC17223ED4E400AF87FB /* Supporting Files */ = {
			isa = PBXGroup;
			children = (
				A9D5AC0D223ED48E00AF87FB /* Info.plist */,
			);
			path = "Supporting Files";
			sourceTree = "<group>";
		};
/* End PBXGroup section */

/* Begin PBXNativeTarget section */
		A9D5ABFD223ED48B00AF87FB /* TelegramLineChart */ = {
			isa = PBXNativeTarget;
			buildConfigurationList = A9D5AC10223ED48E00AF87FB /* Build configuration list for PBXNativeTarget "TelegramLineChart" */;
			buildPhases = (
				A9D5ABFA223ED48B00AF87FB /* Sources */,
				A9D5ABFB223ED48B00AF87FB /* Frameworks */,
				A9D5ABFC223ED48B00AF87FB /* Resources */,
			);
			buildRules = (
			);
			dependencies = (
			);
			name = TelegramLineChart;
			productName = TelegramLineChart;
			productReference = A9D5ABFE223ED48B00AF87FB /* TelegramLineChart.app */;
			productType = "com.apple.product-type.application";
		};
/* End PBXNativeTarget section */

/* Begin PBXProject section */
		A9D5ABF6223ED48B00AF87FB /* Project object */ = {
			isa = PBXProject;
			attributes = {
				LastSwiftUpdateCheck = 1010;
				LastUpgradeCheck = 1010;
				ORGANIZATIONNAME = VFD;
				TargetAttributes = {
					A9D5ABFD223ED48B00AF87FB = {
						CreatedOnToolsVersion = 10.1;
					};
				};
			};
			buildConfigurationList = A9D5ABF9223ED48B00AF87FB /* Build configuration list for PBXProject "TelegramLineChart" */;
			compatibilityVersion = "Xcode 9.3";
			developmentRegion = en;
			hasScannedForEncodings = 0;
			knownRegions = (
				en,
				Base,
			);
			mainGroup = A9D5ABF5223ED48B00AF87FB;
			productRefGroup = A9D5ABFF223ED48B00AF87FB /* Products */;
			projectDirPath = "";
			projectRoot = "";
			targets = (
				A9D5ABFD223ED48B00AF87FB /* TelegramLineChart */,
			);
		};
/* End PBXProject section */

/* Begin PBXResourcesBuildPhase section */
		A9D5ABFC223ED48B00AF87FB /* Resources */ = {
			isa = PBXResourcesBuildPhase;
			buildActionMask = 2147483647;
			files = (
				A9D5AC0C223ED48E00AF87FB /* LaunchScreen.storyboard in Resources */,
				A9D5AC09223ED48E00AF87FB /* Assets.xcassets in Resources */,
				A10AB97C9598135C09F825A6 /* chart_data.json in Resources */,
			);
			runOnlyForDeploymentPostprocessing = 0;
		};
/* End PBXResourcesBuildPhase section */

/* Begin PBXSourcesBuildPhase section */
		A9D5ABFA223ED48B00AF87FB /* Sources */ = {
			isa = PBXSourcesBuildPhase;
			buildActionMask = 2147483647;
			files = (
				A9A9A1C0223EDB72005F939A /* ChartLayer.swift in Sources */,
				A9D5AC02223ED48B00AF87FB /* AppDelegate.swift in Sources */,
				1C7B4A3063B33E1AD5D2ADB5 /* ChartViewController.swift in Sources */,
				1C7B487085FBB30C2F418D61 /* Chart.swift in Sources */,
				1C7B4691DC7087D7A8B4F9DE /* DataLine.swift in Sources */,
				1C7B47A2C9DC3E1EDF684923 /* DataPoint.swift in Sources */,
				1C7B49AAE0C5D8B21F5356D0 /* ChartJSONParser.swift in Sources */,
				1C7B44133593DB2FE501194F /* ChartDTO.swift in Sources */,
				1C7B4FA32DD74A16A9DB7658 /* ChartLoader.swift in Sources */,
				1C7B4BB60B2E222C2F9A02AB /* DecodingError.swift in Sources */,
				1C7B484CFED8B9CBAFEFDED5 /* ChartView.swift in Sources */,
				A935164D2249B10F00D6549C /* CGRect+Convenience.swift in Sources */,
			);
			runOnlyForDeploymentPostprocessing = 0;
		};
/* End PBXSourcesBuildPhase section */

/* Begin PBXVariantGroup section */
		A9D5AC0A223ED48E00AF87FB /* LaunchScreen.storyboard */ = {
			isa = PBXVariantGroup;
			children = (
				A9D5AC0B223ED48E00AF87FB /* Base */,
			);
			name = LaunchScreen.storyboard;
			sourceTree = "<group>";
		};
/* End PBXVariantGroup section */

/* Begin XCBuildConfiguration section */
		A9D5AC0E223ED48E00AF87FB /* Debug */ = {
			isa = XCBuildConfiguration;
			buildSettings = {
				ALWAYS_SEARCH_USER_PATHS = NO;
				CLANG_ANALYZER_NONNULL = YES;
				CLANG_ANALYZER_NUMBER_OBJECT_CONVERSION = YES_AGGRESSIVE;
				CLANG_CXX_LANGUAGE_STANDARD = "gnu++14";
				CLANG_CXX_LIBRARY = "libc++";
				CLANG_ENABLE_MODULES = YES;
				CLANG_ENABLE_OBJC_ARC = YES;
				CLANG_ENABLE_OBJC_WEAK = YES;
				CLANG_WARN_BLOCK_CAPTURE_AUTORELEASING = YES;
				CLANG_WARN_BOOL_CONVERSION = YES;
				CLANG_WARN_COMMA = YES;
				CLANG_WARN_CONSTANT_CONVERSION = YES;
				CLANG_WARN_DEPRECATED_OBJC_IMPLEMENTATIONS = YES;
				CLANG_WARN_DIRECT_OBJC_ISA_USAGE = YES_ERROR;
				CLANG_WARN_DOCUMENTATION_COMMENTS = YES;
				CLANG_WARN_EMPTY_BODY = YES;
				CLANG_WARN_ENUM_CONVERSION = YES;
				CLANG_WARN_INFINITE_RECURSION = YES;
				CLANG_WARN_INT_CONVERSION = YES;
				CLANG_WARN_NON_LITERAL_NULL_CONVERSION = YES;
				CLANG_WARN_OBJC_IMPLICIT_RETAIN_SELF = YES;
				CLANG_WARN_OBJC_LITERAL_CONVERSION = YES;
				CLANG_WARN_OBJC_ROOT_CLASS = YES_ERROR;
				CLANG_WARN_RANGE_LOOP_ANALYSIS = YES;
				CLANG_WARN_STRICT_PROTOTYPES = YES;
				CLANG_WARN_SUSPICIOUS_MOVE = YES;
				CLANG_WARN_UNGUARDED_AVAILABILITY = YES_AGGRESSIVE;
				CLANG_WARN_UNREACHABLE_CODE = YES;
				CLANG_WARN__DUPLICATE_METHOD_MATCH = YES;
				CODE_SIGN_IDENTITY = "iPhone Developer";
				COPY_PHASE_STRIP = NO;
				DEBUG_INFORMATION_FORMAT = dwarf;
				ENABLE_STRICT_OBJC_MSGSEND = YES;
				ENABLE_TESTABILITY = YES;
				GCC_C_LANGUAGE_STANDARD = gnu11;
				GCC_DYNAMIC_NO_PIC = NO;
				GCC_NO_COMMON_BLOCKS = YES;
				GCC_OPTIMIZATION_LEVEL = 0;
				GCC_PREPROCESSOR_DEFINITIONS = (
					"DEBUG=1",
					"$(inherited)",
				);
				GCC_WARN_64_TO_32_BIT_CONVERSION = YES;
				GCC_WARN_ABOUT_RETURN_TYPE = YES_ERROR;
				GCC_WARN_UNDECLARED_SELECTOR = YES;
				GCC_WARN_UNINITIALIZED_AUTOS = YES_AGGRESSIVE;
				GCC_WARN_UNUSED_FUNCTION = YES;
				GCC_WARN_UNUSED_VARIABLE = YES;
				IPHONEOS_DEPLOYMENT_TARGET = 12.1;
				MTL_ENABLE_DEBUG_INFO = INCLUDE_SOURCE;
				MTL_FAST_MATH = YES;
				ONLY_ACTIVE_ARCH = YES;
				SDKROOT = iphoneos;
				SWIFT_ACTIVE_COMPILATION_CONDITIONS = DEBUG;
				SWIFT_OPTIMIZATION_LEVEL = "-Onone";
			};
			name = Debug;
		};
		A9D5AC0F223ED48E00AF87FB /* Release */ = {
			isa = XCBuildConfiguration;
			buildSettings = {
				ALWAYS_SEARCH_USER_PATHS = NO;
				CLANG_ANALYZER_NONNULL = YES;
				CLANG_ANALYZER_NUMBER_OBJECT_CONVERSION = YES_AGGRESSIVE;
				CLANG_CXX_LANGUAGE_STANDARD = "gnu++14";
				CLANG_CXX_LIBRARY = "libc++";
				CLANG_ENABLE_MODULES = YES;
				CLANG_ENABLE_OBJC_ARC = YES;
				CLANG_ENABLE_OBJC_WEAK = YES;
				CLANG_WARN_BLOCK_CAPTURE_AUTORELEASING = YES;
				CLANG_WARN_BOOL_CONVERSION = YES;
				CLANG_WARN_COMMA = YES;
				CLANG_WARN_CONSTANT_CONVERSION = YES;
				CLANG_WARN_DEPRECATED_OBJC_IMPLEMENTATIONS = YES;
				CLANG_WARN_DIRECT_OBJC_ISA_USAGE = YES_ERROR;
				CLANG_WARN_DOCUMENTATION_COMMENTS = YES;
				CLANG_WARN_EMPTY_BODY = YES;
				CLANG_WARN_ENUM_CONVERSION = YES;
				CLANG_WARN_INFINITE_RECURSION = YES;
				CLANG_WARN_INT_CONVERSION = YES;
				CLANG_WARN_NON_LITERAL_NULL_CONVERSION = YES;
				CLANG_WARN_OBJC_IMPLICIT_RETAIN_SELF = YES;
				CLANG_WARN_OBJC_LITERAL_CONVERSION = YES;
				CLANG_WARN_OBJC_ROOT_CLASS = YES_ERROR;
				CLANG_WARN_RANGE_LOOP_ANALYSIS = YES;
				CLANG_WARN_STRICT_PROTOTYPES = YES;
				CLANG_WARN_SUSPICIOUS_MOVE = YES;
				CLANG_WARN_UNGUARDED_AVAILABILITY = YES_AGGRESSIVE;
				CLANG_WARN_UNREACHABLE_CODE = YES;
				CLANG_WARN__DUPLICATE_METHOD_MATCH = YES;
				CODE_SIGN_IDENTITY = "iPhone Developer";
				COPY_PHASE_STRIP = NO;
				DEBUG_INFORMATION_FORMAT = "dwarf-with-dsym";
				ENABLE_NS_ASSERTIONS = NO;
				ENABLE_STRICT_OBJC_MSGSEND = YES;
				GCC_C_LANGUAGE_STANDARD = gnu11;
				GCC_NO_COMMON_BLOCKS = YES;
				GCC_WARN_64_TO_32_BIT_CONVERSION = YES;
				GCC_WARN_ABOUT_RETURN_TYPE = YES_ERROR;
				GCC_WARN_UNDECLARED_SELECTOR = YES;
				GCC_WARN_UNINITIALIZED_AUTOS = YES_AGGRESSIVE;
				GCC_WARN_UNUSED_FUNCTION = YES;
				GCC_WARN_UNUSED_VARIABLE = YES;
				IPHONEOS_DEPLOYMENT_TARGET = 12.1;
				MTL_ENABLE_DEBUG_INFO = NO;
				MTL_FAST_MATH = YES;
				SDKROOT = iphoneos;
				SWIFT_COMPILATION_MODE = wholemodule;
				SWIFT_OPTIMIZATION_LEVEL = "-O";
				VALIDATE_PRODUCT = YES;
			};
			name = Release;
		};
		A9D5AC11223ED48E00AF87FB /* Debug */ = {
			isa = XCBuildConfiguration;
			buildSettings = {
				ASSETCATALOG_COMPILER_APPICON_NAME = AppIcon;
				CODE_SIGN_STYLE = Automatic;
				DEVELOPMENT_TEAM = D6V88ZYWK4;
				INFOPLIST_FILE = "$(SRCROOT)/TelegramLineChart/Supporting Files/Info.plist";
				LD_RUNPATH_SEARCH_PATHS = (
					"$(inherited)",
					"@executable_path/Frameworks",
				);
				PRODUCT_BUNDLE_IDENTIFIER = com.vafiadiv.TelegramLineChart;
				PRODUCT_NAME = "$(TARGET_NAME)";
				SWIFT_VERSION = 4.2;
				TARGETED_DEVICE_FAMILY = "1,2";
			};
			name = Debug;
		};
		A9D5AC12223ED48E00AF87FB /* Release */ = {
			isa = XCBuildConfiguration;
			buildSettings = {
				ASSETCATALOG_COMPILER_APPICON_NAME = AppIcon;
				CODE_SIGN_STYLE = Automatic;
				DEVELOPMENT_TEAM = D6V88ZYWK4;
				INFOPLIST_FILE = "$(SRCROOT)/TelegramLineChart/Supporting Files/Info.plist";
				LD_RUNPATH_SEARCH_PATHS = (
					"$(inherited)",
					"@executable_path/Frameworks",
				);
				PRODUCT_BUNDLE_IDENTIFIER = com.vafiadiv.TelegramLineChart;
				PRODUCT_NAME = "$(TARGET_NAME)";
				SWIFT_VERSION = 4.2;
				TARGETED_DEVICE_FAMILY = "1,2";
			};
			name = Release;
		};
/* End XCBuildConfiguration section */

/* Begin XCConfigurationList section */
		A9D5ABF9223ED48B00AF87FB /* Build configuration list for PBXProject "TelegramLineChart" */ = {
			isa = XCConfigurationList;
			buildConfigurations = (
				A9D5AC0E223ED48E00AF87FB /* Debug */,
				A9D5AC0F223ED48E00AF87FB /* Release */,
			);
			defaultConfigurationIsVisible = 0;
			defaultConfigurationName = Release;
		};
		A9D5AC10223ED48E00AF87FB /* Build configuration list for PBXNativeTarget "TelegramLineChart" */ = {
			isa = XCConfigurationList;
			buildConfigurations = (
				A9D5AC11223ED48E00AF87FB /* Debug */,
				A9D5AC12223ED48E00AF87FB /* Release */,
			);
			defaultConfigurationIsVisible = 0;
			defaultConfigurationName = Release;
		};
/* End XCConfigurationList section */
	};
	rootObject = A9D5ABF6223ED48B00AF87FB /* Project object */;
}
